
Microsoft Visual Studio Solution File, Format Version 12.00
# Visual Studio Version 17
VisualStudioVersion = 17.10.35027.167
MinimumVisualStudioVersion = 10.0.40219.1
Project("{FAE04EC0-301F-11D3-BF4B-00C04F79EFBC}") = "ScpEconomy", "ScpEconomy\ScpEconomy.csproj", "{88C98868-F3F6-484A-A027-C14671B87E90}"
EndProject
Global
	GlobalSection(SolutionConfigurationPlatforms) = preSolution
		Debug|Any CPU = Debug|Any CPU
		Release|Any CPU = Release|Any CPU
	EndGlobalSection
	GlobalSection(ProjectConfigurationPlatforms) = postSolution
		{88C98868-F3F6-484A-A027-C14671B87E90}.Debug|Any CPU.ActiveCfg = Debug|Any CPU
		{88C98868-F3F6-484A-A027-C14671B87E90}.Debug|Any CPU.Build.0 = Debug|Any CPU
		{88C98868-F3F6-484A-A027-C14671B87E90}.Release|Any CPU.ActiveCfg = Release|Any CPU
		{88C98868-F3F6-484A-A027-C14671B87E90}.Release|Any CPU.Build.0 = Release|Any CPU
	EndGlobalSection
	GlobalSection(SolutionProperties) = preSolution
		HideSolutionNode = FALSE
	EndGlobalSection
	GlobalSection(ExtensibilityGlobals) = postSolution
		SolutionGuid = {72AC62EE-E1B6-40EB-9882-FE2786DB798E}
	EndGlobalSection
EndGlobal
